
Microsoft Visual Studio Solution File, Format Version 12.00
# Visual Studio 14
VisualStudioVersion = 14.0.24720.0
MinimumVisualStudioVersion = 10.0.40219.1
Project("{FAE04EC0-301F-11D3-BF4B-00C04F79EFBC}") = "ControllersAndActions2", "ControllersAndActions2\ControllersAndActions2.csproj", "{24CF111F-158D-4325-A100-395C4E9135CF}"
EndProject
Project("{FAE04EC0-301F-11D3-BF4B-00C04F79EFBC}") = "ControllersAndActions2.Tests", "ControllersAndActions2.Tests\ControllersAndActions2.Tests.csproj", "{11018940-2787-4FFA-9F41-C847E8CC121F}"
EndProject
Global
	GlobalSection(SolutionConfigurationPlatforms) = preSolution
		Debug|Any CPU = Debug|Any CPU
		Release|Any CPU = Release|Any CPU
	EndGlobalSection
	GlobalSection(ProjectConfigurationPlatforms) = postSolution
		{24CF111F-158D-4325-A100-395C4E9135CF}.Debug|Any CPU.ActiveCfg = Debug|Any CPU
		{24CF111F-158D-4325-A100-395C4E9135CF}.Debug|Any CPU.Build.0 = Debug|Any CPU
		{24CF111F-158D-4325-A100-395C4E9135CF}.Release|Any CPU.ActiveCfg = Release|Any CPU
		{24CF111F-158D-4325-A100-395C4E9135CF}.Release|Any CPU.Build.0 = Release|Any CPU
		{11018940-2787-4FFA-9F41-C847E8CC121F}.Debug|Any CPU.ActiveCfg = Debug|Any CPU
		{11018940-2787-4FFA-9F41-C847E8CC121F}.Debug|Any CPU.Build.0 = Debug|Any CPU
		{11018940-2787-4FFA-9F41-C847E8CC121F}.Release|Any CPU.ActiveCfg = Release|Any CPU
		{11018940-2787-4FFA-9F41-C847E8CC121F}.Release|Any CPU.Build.0 = Release|Any CPU
	EndGlobalSection
	GlobalSection(SolutionProperties) = preSolution
		HideSolutionNode = FALSE
	EndGlobalSection
EndGlobal
